
Microsoft Visual Studio Solution File, Format Version 12.00
# Visual Studio Version 16
VisualStudioVersion = 16.0.30002.166
MinimumVisualStudioVersion = 15.0.26124.0
Project("{2150E333-8FDC-42A3-9474-1A3956D46DE8}") = "src", "src", "{B7F648E5-F00E-48CB-AB99-60F66521B630}"
EndProject
Project("{9A19103F-16F7-4668-BE54-9A1E7A4F7556}") = "Web", "src\Web\Web.csproj", "{7E307A38-EFE2-4346-A4B8-9BFD46D9F476}"
EndProject
Project("{9A19103F-16F7-4668-BE54-9A1E7A4F7556}") = "ApplicationCore", "src\ApplicationCore\ApplicationCore.csproj", "{7175A953-505E-48CA-B74D-86E36143E3C9}"
EndProject
Project("{9A19103F-16F7-4668-BE54-9A1E7A4F7556}") = "Infraestructure", "src\Infraestructure\Infraestructure.csproj", "{F4E925D6-EA0B-4C8B-9ADE-CE3EC95337E5}"
EndProject
Project("{2150E333-8FDC-42A3-9474-1A3956D46DE8}") = "tests", "tests", "{565B07A4-5512-4959-93DE-A230CB61C42C}"
EndProject
Project("{9A19103F-16F7-4668-BE54-9A1E7A4F7556}") = "IntegrationTests", "tests\IntegrationTests\IntegrationTests.csproj", "{C2998961-F4AF-4A60-B7AE-0C27E9DE5FF7}"
EndProject
Project("{9A19103F-16F7-4668-BE54-9A1E7A4F7556}") = "UnitTests", "tests\UnitTests\UnitTests.csproj", "{17BE6984-F4CD-49D1-BE43-7204A2EE02DD}"
EndProject
Global
	GlobalSection(SolutionConfigurationPlatforms) = preSolution
		Debug|Any CPU = Debug|Any CPU
		Debug|x64 = Debug|x64
		Debug|x86 = Debug|x86
		Release|Any CPU = Release|Any CPU
		Release|x64 = Release|x64
		Release|x86 = Release|x86
	EndGlobalSection
	GlobalSection(ProjectConfigurationPlatforms) = postSolution
		{7E307A38-EFE2-4346-A4B8-9BFD46D9F476}.Debug|Any CPU.ActiveCfg = Debug|Any CPU
		{7E307A38-EFE2-4346-A4B8-9BFD46D9F476}.Debug|Any CPU.Build.0 = Debug|Any CPU
		{7E307A38-EFE2-4346-A4B8-9BFD46D9F476}.Debug|x64.ActiveCfg = Debug|Any CPU
		{7E307A38-EFE2-4346-A4B8-9BFD46D9F476}.Debug|x64.Build.0 = Debug|Any CPU
		{7E307A38-EFE2-4346-A4B8-9BFD46D9F476}.Debug|x86.ActiveCfg = Debug|Any CPU
		{7E307A38-EFE2-4346-A4B8-9BFD46D9F476}.Debug|x86.Build.0 = Debug|Any CPU
		{7E307A38-EFE2-4346-A4B8-9BFD46D9F476}.Release|Any CPU.ActiveCfg = Release|Any CPU
		{7E307A38-EFE2-4346-A4B8-9BFD46D9F476}.Release|Any CPU.Build.0 = Release|Any CPU
		{7E307A38-EFE2-4346-A4B8-9BFD46D9F476}.Release|x64.ActiveCfg = Release|Any CPU
		{7E307A38-EFE2-4346-A4B8-9BFD46D9F476}.Release|x64.Build.0 = Release|Any CPU
		{7E307A38-EFE2-4346-A4B8-9BFD46D9F476}.Release|x86.ActiveCfg = Release|Any CPU
		{7E307A38-EFE2-4346-A4B8-9BFD46D9F476}.Release|x86.Build.0 = Release|Any CPU
		{7175A953-505E-48CA-B74D-86E36143E3C9}.Debug|Any CPU.ActiveCfg = Debug|Any CPU
		{7175A953-505E-48CA-B74D-86E36143E3C9}.Debug|Any CPU.Build.0 = Debug|Any CPU
		{7175A953-505E-48CA-B74D-86E36143E3C9}.Debug|x64.ActiveCfg = Debug|Any CPU
		{7175A953-505E-48CA-B74D-86E36143E3C9}.Debug|x64.Build.0 = Debug|Any CPU
		{7175A953-505E-48CA-B74D-86E36143E3C9}.Debug|x86.ActiveCfg = Debug|Any CPU
		{7175A953-505E-48CA-B74D-86E36143E3C9}.Debug|x86.Build.0 = Debug|Any CPU
		{7175A953-505E-48CA-B74D-86E36143E3C9}.Release|Any CPU.ActiveCfg = Release|Any CPU
		{7175A953-505E-48CA-B74D-86E36143E3C9}.Release|Any CPU.Build.0 = Release|Any CPU
		{7175A953-505E-48CA-B74D-86E36143E3C9}.Release|x64.ActiveCfg = Release|Any CPU
		{7175A953-505E-48CA-B74D-86E36143E3C9}.Release|x64.Build.0 = Release|Any CPU
		{7175A953-505E-48CA-B74D-86E36143E3C9}.Release|x86.ActiveCfg = Release|Any CPU
		{7175A953-505E-48CA-B74D-86E36143E3C9}.Release|x86.Build.0 = Release|Any CPU
		{F4E925D6-EA0B-4C8B-9ADE-CE3EC95337E5}.Debug|Any CPU.ActiveCfg = Debug|Any CPU
		{F4E925D6-EA0B-4C8B-9ADE-CE3EC95337E5}.Debug|Any CPU.Build.0 = Debug|Any CPU
		{F4E925D6-EA0B-4C8B-9ADE-CE3EC95337E5}.Debug|x64.ActiveCfg = Debug|Any CPU
		{F4E925D6-EA0B-4C8B-9ADE-CE3EC95337E5}.Debug|x64.Build.0 = Debug|Any CPU
		{F4E925D6-EA0B-4C8B-9ADE-CE3EC95337E5}.Debug|x86.ActiveCfg = Debug|Any CPU
		{F4E925D6-EA0B-4C8B-9ADE-CE3EC95337E5}.Debug|x86.Build.0 = Debug|Any CPU
		{F4E925D6-EA0B-4C8B-9ADE-CE3EC95337E5}.Release|Any CPU.ActiveCfg = Release|Any CPU
		{F4E925D6-EA0B-4C8B-9ADE-CE3EC95337E5}.Release|Any CPU.Build.0 = Release|Any CPU
		{F4E925D6-EA0B-4C8B-9ADE-CE3EC95337E5}.Release|x64.ActiveCfg = Release|Any CPU
		{F4E925D6-EA0B-4C8B-9ADE-CE3EC95337E5}.Release|x64.Build.0 = Release|Any CPU
		{F4E925D6-EA0B-4C8B-9ADE-CE3EC95337E5}.Release|x86.ActiveCfg = Release|Any CPU
		{F4E925D6-EA0B-4C8B-9ADE-CE3EC95337E5}.Release|x86.Build.0 = Release|Any CPU
		{C2998961-F4AF-4A60-B7AE-0C27E9DE5FF7}.Debug|Any CPU.ActiveCfg = Debug|Any CPU
		{C2998961-F4AF-4A60-B7AE-0C27E9DE5FF7}.Debug|Any CPU.Build.0 = Debug|Any CPU
		{C2998961-F4AF-4A60-B7AE-0C27E9DE5FF7}.Debug|x64.ActiveCfg = Debug|Any CPU
		{C2998961-F4AF-4A60-B7AE-0C27E9DE5FF7}.Debug|x64.Build.0 = Debug|Any CPU
		{C2998961-F4AF-4A60-B7AE-0C27E9DE5FF7}.Debug|x86.ActiveCfg = Debug|Any CPU
		{C2998961-F4AF-4A60-B7AE-0C27E9DE5FF7}.Debug|x86.Build.0 = Debug|Any CPU
		{C2998961-F4AF-4A60-B7AE-0C27E9DE5FF7}.Release|Any CPU.ActiveCfg = Release|Any CPU
		{C2998961-F4AF-4A60-B7AE-0C27E9DE5FF7}.Release|Any CPU.Build.0 = Release|Any CPU
		{C2998961-F4AF-4A60-B7AE-0C27E9DE5FF7}.Release|x64.ActiveCfg = Release|Any CPU
		{C2998961-F4AF-4A60-B7AE-0C27E9DE5FF7}.Release|x64.Build.0 = Release|Any CPU
		{C2998961-F4AF-4A60-B7AE-0C27E9DE5FF7}.Release|x86.ActiveCfg = Release|Any CPU
		{C2998961-F4AF-4A60-B7AE-0C27E9DE5FF7}.Release|x86.Build.0 = Release|Any CPU
		{17BE6984-F4CD-49D1-BE43-7204A2EE02DD}.Debug|Any CPU.ActiveCfg = Debug|Any CPU
		{17BE6984-F4CD-49D1-BE43-7204A2EE02DD}.Debug|Any CPU.Build.0 = Debug|Any CPU
		{17BE6984-F4CD-49D1-BE43-7204A2EE02DD}.Debug|x64.ActiveCfg = Debug|Any CPU
		{17BE6984-F4CD-49D1-BE43-7204A2EE02DD}.Debug|x64.Build.0 = Debug|Any CPU
		{17BE6984-F4CD-49D1-BE43-7204A2EE02DD}.Debug|x86.ActiveCfg = Debug|Any CPU
		{17BE6984-F4CD-49D1-BE43-7204A2EE02DD}.Debug|x86.Build.0 = Debug|Any CPU
		{17BE6984-F4CD-49D1-BE43-7204A2EE02DD}.Release|Any CPU.ActiveCfg = Release|Any CPU
		{17BE6984-F4CD-49D1-BE43-7204A2EE02DD}.Release|Any CPU.Build.0 = Release|Any CPU
		{17BE6984-F4CD-49D1-BE43-7204A2EE02DD}.Release|x64.ActiveCfg = Release|Any CPU
		{17BE6984-F4CD-49D1-BE43-7204A2EE02DD}.Release|x64.Build.0 = Release|Any CPU
		{17BE6984-F4CD-49D1-BE43-7204A2EE02DD}.Release|x86.ActiveCfg = Release|Any CPU
		{17BE6984-F4CD-49D1-BE43-7204A2EE02DD}.Release|x86.Build.0 = Release|Any CPU
	EndGlobalSection
	GlobalSection(SolutionProperties) = preSolution
		HideSolutionNode = FALSE
	EndGlobalSection
	GlobalSection(NestedProjects) = preSolution
		{7E307A38-EFE2-4346-A4B8-9BFD46D9F476} = {B7F648E5-F00E-48CB-AB99-60F66521B630}
		{7175A953-505E-48CA-B74D-86E36143E3C9} = {B7F648E5-F00E-48CB-AB99-60F66521B630}
		{F4E925D6-EA0B-4C8B-9ADE-CE3EC95337E5} = {B7F648E5-F00E-48CB-AB99-60F66521B630}
		{C2998961-F4AF-4A60-B7AE-0C27E9DE5FF7} = {565B07A4-5512-4959-93DE-A230CB61C42C}
		{17BE6984-F4CD-49D1-BE43-7204A2EE02DD} = {565B07A4-5512-4959-93DE-A230CB61C42C}
	EndGlobalSection
	GlobalSection(ExtensibilityGlobals) = postSolution
		SolutionGuid = {0FC15EC6-FE4B-47D5-B785-68AE00DD8818}
	EndGlobalSection
EndGlobal
